
Microsoft Visual Studio Solution File, Format Version 12.00
# Visual Studio 14
VisualStudioVersion = 14.0.25420.1
MinimumVisualStudioVersion = 10.0.40219.1
Project("{FAE04EC0-301F-11D3-BF4B-00C04F79EFBC}") = "WebTests", "WebTestingProject\WebTests.csproj", "{0DD21D79-53A9-468C-ACDB-0D7A790ECACF}"
EndProject
Project("{FAE04EC0-301F-11D3-BF4B-00C04F79EFBC}") = "WebCore", "WebCore\WebCore.csproj", "{535969BF-5462-4532-9428-959BEDA355ED}"
EndProject
Global
	GlobalSection(SolutionConfigurationPlatforms) = preSolution
		Debug|Any CPU = Debug|Any CPU
		Release|Any CPU = Release|Any CPU
	EndGlobalSection
	GlobalSection(ProjectConfigurationPlatforms) = postSolution
		{0DD21D79-53A9-468C-ACDB-0D7A790ECACF}.Debug|Any CPU.ActiveCfg = Debug|Any CPU
		{0DD21D79-53A9-468C-ACDB-0D7A790ECACF}.Debug|Any CPU.Build.0 = Debug|Any CPU
		{0DD21D79-53A9-468C-ACDB-0D7A790ECACF}.Release|Any CPU.ActiveCfg = Release|Any CPU
		{0DD21D79-53A9-468C-ACDB-0D7A790ECACF}.Release|Any CPU.Build.0 = Release|Any CPU
		{535969BF-5462-4532-9428-959BEDA355ED}.Debug|Any CPU.ActiveCfg = Debug|Any CPU
		{535969BF-5462-4532-9428-959BEDA355ED}.Debug|Any CPU.Build.0 = Debug|Any CPU
		{535969BF-5462-4532-9428-959BEDA355ED}.Release|Any CPU.ActiveCfg = Release|Any CPU
		{535969BF-5462-4532-9428-959BEDA355ED}.Release|Any CPU.Build.0 = Release|Any CPU
	EndGlobalSection
	GlobalSection(SolutionProperties) = preSolution
		HideSolutionNode = FALSE
	EndGlobalSection
EndGlobal
